<?xml version="1.0" encoding="utf-8"?>
<Project ToolsVersion="4.0" xmlns="http://schemas.microsoft.com/developer/msbuild/2003">
  <ItemGroup>
    <Filter Include="Header files">
      <UniqueIdentifier>{93995380-89BD-4b04-88EB-625FBE52EBFB}</UniqueIdentifier>
      <Extensions>h;hpp;hxx;hm;inl;inc;xsd</Extensions>
    </Filter>
    <Filter Include="Source files">
      <UniqueIdentifier>{4FC737F1-C7A5-4376-A066-2A32D752A2FF}</UniqueIdentifier>
      <Extensions>cpp;c;cc;cxx;def;odl;idl;hpj;bat;asm;asmx</Extensions>
    </Filter>
    <Filter Include="Resources">
      <UniqueIdentifier>{67DA6AB6-F800-4c08-8B7A-83BB121AAD01}</UniqueIdentifier>
      <Extensions>rc;ico;cur;bmp;dlg;rc2;rct;bin;rgs;gif;jpg;jpeg;jpe;resx;tiff;tif;png;wav</Extensions>
    </Filter>
    <Filter Include="Header files\sampgdk">
      <UniqueIdentifier>{e13a1f48-283a-43ac-94fa-2b5f9de4fc7d}</UniqueIdentifier>
    </Filter>
    <Filter Include="Header files\sampgdk\amx">
      <UniqueIdentifier>{450e964f-4b28-43cc-b0d6-c9a37242e547}</UniqueIdentifier>
    </Filter>
    <Filter Include="Source files\sampgdk">
      <UniqueIdentifier>{8cd74363-2a19-47d5-829d-d90408107bb9}</UniqueIdentifier>
    </Filter>
  </ItemGroup>
  <ItemGroup>
    <ClCompile Include="..\..\src\bindings.cpp">
      <Filter>Source files</Filter>
    </ClCompile>
    <ClCompile Include="..\..\src\main.cpp">
      <Filter>Source files</Filter>
    </ClCompile>
    <ClCompile Include="..\..\src\samphp.cpp">
      <Filter>Source files</Filter>
    </ClCompile>
    <ClCompile Include="..\..\src\sampgdk\sampgdk.c">
      <Filter>Source files\sampgdk</Filter>
    </ClCompile>
    <ClCompile Include="..\..\src\sampgdk\amxplugin.cpp">
      <Filter>Source files\sampgdk</Filter>
    </ClCompile>
  </ItemGroup>
  <ItemGroup>
    <ClInclude Include="..\..\src\bindings.h">
      <Filter>Header files</Filter>
    </ClInclude>
    <ClInclude Include="..\..\src\bindings_callbacks.hpp">
      <Filter>Header files</Filter>
    </ClInclude>
    <ClInclude Include="..\..\src\bindings_game.hpp">
      <Filter>Header files</Filter>
    </ClInclude>
    <ClInclude Include="..\..\src\bindings_objects.hpp">
      <Filter>Header files</Filter>
    </ClInclude>
    <ClInclude Include="..\..\src\bindings_player.hpp">
      <Filter>Header files</Filter>
    </ClInclude>
    <ClInclude Include="..\..\src\bindings_util.hpp">
      <Filter>Header files</Filter>
    </ClInclude>
    <ClInclude Include="..\..\src\bindings_vehicles.hpp">
      <Filter>Header files</Filter>
    </ClInclude>
    <ClInclude Include="..\..\src\samphp_consts.hpp">
      <Filter>Header files</Filter>
    </ClInclude>
    <ClInclude Include="..\..\src\samphp.h">
      <Filter>Header files</Filter>
    </ClInclude>
    <ClInclude Include="..\..\src\bindings_samphp.hpp">
      <Filter>Header files</Filter>
    </ClInclude>
    <ClInclude Include="..\..\src\undef.h">
      <Filter>Header files</Filter>
    </ClInclude>
    <ClInclude Include="..\..\src\sampgdk\plugincommon.h">
      <Filter>Header files\sampgdk</Filter>
    </ClInclude>
    <ClInclude Include="..\..\src\sampgdk\sampgdk.h">
      <Filter>Header files\sampgdk</Filter>
    </ClInclude>
    <ClInclude Include="..\..\src\sampgdk\amx\amx.h">
      <Filter>Header files\sampgdk\amx</Filter>
    </ClInclude>
    <ClInclude Include="..\..\src\sampgdk\amx\sclinux.h">
      <Filter>Header files\sampgdk\amx</Filter>
    </ClInclude>
  </ItemGroup>
  <ItemGroup>
    <None Include="samphp.def">
      <Filter>Resources</Filter>
    </None>
  </ItemGroup>
</Project>